
Microsoft Visual Studio Solution File, Format Version 12.00
# Visual Studio Version 17
VisualStudioVersion = 17.4.33110.190
MinimumVisualStudioVersion = 10.0.40219.1
Project("{FAE04EC0-301F-11D3-BF4B-00C04F79EFBC}") = "PizzaLogic", "PizzaLogic\PizzaLogic.csproj", "{154741D8-A5E4-431A-856C-1F99FF537135}"
EndProject
Global
	GlobalSection(SolutionConfigurationPlatforms) = preSolution
		Debug|Any CPU = Debug|Any CPU
		Release|Any CPU = Release|Any CPU
	EndGlobalSection
	GlobalSection(ProjectConfigurationPlatforms) = postSolution
		{154741D8-A5E4-431A-856C-1F99FF537135}.Debug|Any CPU.ActiveCfg = Debug|Any CPU
		{154741D8-A5E4-431A-856C-1F99FF537135}.Debug|Any CPU.Build.0 = Debug|Any CPU
		{154741D8-A5E4-431A-856C-1F99FF537135}.Release|Any CPU.ActiveCfg = Release|Any CPU
		{154741D8-A5E4-431A-856C-1F99FF537135}.Release|Any CPU.Build.0 = Release|Any CPU
	EndGlobalSection
	GlobalSection(SolutionProperties) = preSolution
		HideSolutionNode = FALSE
	EndGlobalSection
	GlobalSection(ExtensibilityGlobals) = postSolution
		SolutionGuid = {69D92E19-7433-416A-A947-A40DB2F8BD2B}
	EndGlobalSection
EndGlobal
