
Microsoft Visual Studio Solution File, Format Version 12.00
# Visual Studio Version 17
VisualStudioVersion = 17.4.33110.190
MinimumVisualStudioVersion = 10.0.40219.1
Project("{FAE04EC0-301F-11D3-BF4B-00C04F79EFBC}") = "Pizza", "Pizza\Pizza.csproj", "{71FFA22F-5E2F-4328-A6E0-D0D14CD57018}"
EndProject
Project("{FAE04EC0-301F-11D3-BF4B-00C04F79EFBC}") = "PizzaTest", "PizzaTest\PizzaTest.csproj", "{54786EF6-7C56-45DE-9AC0-8BDE04E619A8}"
EndProject
Global
	GlobalSection(SolutionConfigurationPlatforms) = preSolution
		Debug|Any CPU = Debug|Any CPU
		Release|Any CPU = Release|Any CPU
	EndGlobalSection
	GlobalSection(ProjectConfigurationPlatforms) = postSolution
		{71FFA22F-5E2F-4328-A6E0-D0D14CD57018}.Debug|Any CPU.ActiveCfg = Debug|Any CPU
		{71FFA22F-5E2F-4328-A6E0-D0D14CD57018}.Debug|Any CPU.Build.0 = Debug|Any CPU
		{71FFA22F-5E2F-4328-A6E0-D0D14CD57018}.Release|Any CPU.ActiveCfg = Release|Any CPU
		{71FFA22F-5E2F-4328-A6E0-D0D14CD57018}.Release|Any CPU.Build.0 = Release|Any CPU
		{54786EF6-7C56-45DE-9AC0-8BDE04E619A8}.Debug|Any CPU.ActiveCfg = Debug|Any CPU
		{54786EF6-7C56-45DE-9AC0-8BDE04E619A8}.Debug|Any CPU.Build.0 = Debug|Any CPU
		{54786EF6-7C56-45DE-9AC0-8BDE04E619A8}.Release|Any CPU.ActiveCfg = Release|Any CPU
		{54786EF6-7C56-45DE-9AC0-8BDE04E619A8}.Release|Any CPU.Build.0 = Release|Any CPU
	EndGlobalSection
	GlobalSection(SolutionProperties) = preSolution
		HideSolutionNode = FALSE
	EndGlobalSection
	GlobalSection(ExtensibilityGlobals) = postSolution
		SolutionGuid = {B43C30B7-8FCA-42C7-9AEB-D7B9AF0D9FDC}
	EndGlobalSection
EndGlobal
